// !$*UTF8*$!
{
	archiveVersion = 1;
	classes = {
	};
	objectVersion = 46;
	objects = {

/* Begin PBXBuildFile section */
		AEB03E921E2057B6000058F1 /* AppDelegate.swift in Sources */ = {isa = PBXBuildFile; fileRef = AEB03E911E2057B6000058F1 /* AppDelegate.swift */; };
		AEB03E941E2057B6000058F1 /* ViewController.swift in Sources */ = {isa = PBXBuildFile; fileRef = AEB03E931E2057B6000058F1 /* ViewController.swift */; };
		AEB03E971E2057B6000058F1 /* Main.storyboard in Resources */ = {isa = PBXBuildFile; fileRef = AEB03E951E2057B6000058F1 /* Main.storyboard */; };
		AEB03E991E2057B6000058F1 /* Assets.xcassets in Resources */ = {isa = PBXBuildFile; fileRef = AEB03E981E2057B6000058F1 /* Assets.xcassets */; };
		AEB03E9C1E2057B6000058F1 /* LaunchScreen.storyboard in Resources */ = {isa = PBXBuildFile; fileRef = AEB03E9A1E2057B6000058F1 /* LaunchScreen.storyboard */; };
		AEB03EA41E2057D5000058F1 /* NetworkProcessing.swift in Sources */ = {isa = PBXBuildFile; fileRef = AEB03EA31E2057D5000058F1 /* NetworkProcessing.swift */; };
		AEB03EA61E205850000058F1 /* Coordinate.swift in Sources */ = {isa = PBXBuildFile; fileRef = AEB03EA51E205850000058F1 /* Coordinate.swift */; };
		AEB03EA81E2058DB000058F1 /* Location.swift in Sources */ = {isa = PBXBuildFile; fileRef = AEB03EA71E2058DB000058F1 /* Location.swift */; };
		AEB03EAA1E205B95000058F1 /* Venue.swift in Sources */ = {isa = PBXBuildFile; fileRef = AEB03EA91E205B95000058F1 /* Venue.swift */; };
		AEB03EAC1E2208AD000058F1 /* FourSquareEndPoint.swift in Sources */ = {isa = PBXBuildFile; fileRef = AEB03EAB1E2208AD000058F1 /* FourSquareEndPoint.swift */; };
		AEB03EAE1E2320FB000058F1 /* APIResult.swift in Sources */ = {isa = PBXBuildFile; fileRef = AEB03EAD1E2320FB000058F1 /* APIResult.swift */; };
		AEB03EB01E232149000058F1 /* FourSquareClient.swift in Sources */ = {isa = PBXBuildFile; fileRef = AEB03EAF1E232149000058F1 /* FourSquareClient.swift */; };
		AEB03EB41E25EEDC000058F1 /* VenueTableViewController.swift in Sources */ = {isa = PBXBuildFile; fileRef = AEB03EB31E25EEDC000058F1 /* VenueTableViewController.swift */; };
		AEB03EB61E26F866000058F1 /* VenueTableViewCell.swift in Sources */ = {isa = PBXBuildFile; fileRef = AEB03EB51E26F866000058F1 /* VenueTableViewCell.swift */; };
		AEB03EB91E2AFA1F000058F1 /* LocationManager.swift in Sources */ = {isa = PBXBuildFile; fileRef = AEB03EB81E2AFA1F000058F1 /* LocationManager.swift */; };
/* End PBXBuildFile section */

/* Begin PBXFileReference section */
		AEB03E8E1E2057B6000058F1 /* VenueSearch.app */ = {isa = PBXFileReference; explicitFileType = wrapper.application; includeInIndex = 0; path = VenueSearch.app; sourceTree = BUILT_PRODUCTS_DIR; };
		AEB03E911E2057B6000058F1 /* AppDelegate.swift */ = {isa = PBXFileReference; lastKnownFileType = sourcecode.swift; path = AppDelegate.swift; sourceTree = "<group>"; };
		AEB03E931E2057B6000058F1 /* ViewController.swift */ = {isa = PBXFileReference; lastKnownFileType = sourcecode.swift; path = ViewController.swift; sourceTree = "<group>"; };
		AEB03E961E2057B6000058F1 /* Base */ = {isa = PBXFileReference; lastKnownFileType = file.storyboard; name = Base; path = Base.lproj/Main.storyboard; sourceTree = "<group>"; };
		AEB03E981E2057B6000058F1 /* Assets.xcassets */ = {isa = PBXFileReference; lastKnownFileType = folder.assetcatalog; path = Assets.xcassets; sourceTree = "<group>"; };
		AEB03E9B1E2057B6000058F1 /* Base */ = {isa = PBXFileReference; lastKnownFileType = file.storyboard; name = Base; path = Base.lproj/LaunchScreen.storyboard; sourceTree = "<group>"; };
		AEB03E9D1E2057B6000058F1 /* Info.plist */ = {isa = PBXFileReference; lastKnownFileType = text.plist.xml; path = Info.plist; sourceTree = "<group>"; };
		AEB03EA31E2057D5000058F1 /* NetworkProcessing.swift */ = {isa = PBXFileReference; fileEncoding = 4; lastKnownFileType = sourcecode.swift; path = NetworkProcessing.swift; sourceTree = "<group>"; };
		AEB03EA51E205850000058F1 /* Coordinate.swift */ = {isa = PBXFileReference; fileEncoding = 4; lastKnownFileType = sourcecode.swift; path = Coordinate.swift; sourceTree = "<group>"; };
		AEB03EA71E2058DB000058F1 /* Location.swift */ = {isa = PBXFileReference; fileEncoding = 4; lastKnownFileType = sourcecode.swift; path = Location.swift; sourceTree = "<group>"; };
		AEB03EA91E205B95000058F1 /* Venue.swift */ = {isa = PBXFileReference; fileEncoding = 4; lastKnownFileType = sourcecode.swift; path = Venue.swift; sourceTree = "<group>"; };
		AEB03EAB1E2208AD000058F1 /* FourSquareEndPoint.swift */ = {isa = PBXFileReference; fileEncoding = 4; lastKnownFileType = sourcecode.swift; path = FourSquareEndPoint.swift; sourceTree = "<group>"; };
		AEB03EAD1E2320FB000058F1 /* APIResult.swift */ = {isa = PBXFileReference; fileEncoding = 4; lastKnownFileType = sourcecode.swift; path = APIResult.swift; sourceTree = "<group>"; };
		AEB03EAF1E232149000058F1 /* FourSquareClient.swift */ = {isa = PBXFileReference; fileEncoding = 4; lastKnownFileType = sourcecode.swift; path = FourSquareClient.swift; sourceTree = "<group>"; };
		AEB03EB31E25EEDC000058F1 /* VenueTableViewController.swift */ = {isa = PBXFileReference; fileEncoding = 4; lastKnownFileType = sourcecode.swift; path = VenueTableViewController.swift; sourceTree = "<group>"; };
		AEB03EB51E26F866000058F1 /* VenueTableViewCell.swift */ = {isa = PBXFileReference; fileEncoding = 4; lastKnownFileType = sourcecode.swift; path = VenueTableViewCell.swift; sourceTree = "<group>"; };
		AEB03EB81E2AFA1F000058F1 /* LocationManager.swift */ = {isa = PBXFileReference; fileEncoding = 4; lastKnownFileType = sourcecode.swift; path = LocationManager.swift; sourceTree = "<group>"; };
/* End PBXFileReference section */

/* Begin PBXFrameworksBuildPhase section */
		AEB03E8B1E2057B6000058F1 /* Frameworks */ = {
			isa = PBXFrameworksBuildPhase;
			buildActionMask = 2147483647;
			files = (
			);
			runOnlyForDeploymentPostprocessing = 0;
		};
/* End PBXFrameworksBuildPhase section */

/* Begin PBXGroup section */
		AEB03E851E2057B6000058F1 = {
			isa = PBXGroup;
			children = (
				AEB03E901E2057B6000058F1 /* VenueSearch */,
				AEB03E8F1E2057B6000058F1 /* Products */,
			);
			sourceTree = "<group>";
		};
		AEB03E8F1E2057B6000058F1 /* Products */ = {
			isa = PBXGroup;
			children = (
				AEB03E8E1E2057B6000058F1 /* VenueSearch.app */,
			);
			name = Products;
			sourceTree = "<group>";
		};
		AEB03E901E2057B6000058F1 /* VenueSearch */ = {
			isa = PBXGroup;
			children = (
				AEB03EB71E26F9B8000058F1 /* View */,
				AEB03EB21E25EEB5000058F1 /* Controller */,
				AEB03EB11E25EE96000058F1 /* Model */,
				AEB03E911E2057B6000058F1 /* AppDelegate.swift */,
				AEB03E951E2057B6000058F1 /* Main.storyboard */,
				AEB03E981E2057B6000058F1 /* Assets.xcassets */,
				AEB03E9A1E2057B6000058F1 /* LaunchScreen.storyboard */,
				AEB03E9D1E2057B6000058F1 /* Info.plist */,
			);
			path = VenueSearch;
			sourceTree = "<group>";
		};
		AEB03EB11E25EE96000058F1 /* Model */ = {
			isa = PBXGroup;
			children = (
				AEB03EAD1E2320FB000058F1 /* APIResult.swift */,
				AEB03EAF1E232149000058F1 /* FourSquareClient.swift */,
				AEB03EA51E205850000058F1 /* Coordinate.swift */,
				AEB03EA71E2058DB000058F1 /* Location.swift */,
				AEB03EA91E205B95000058F1 /* Venue.swift */,
				AEB03EAB1E2208AD000058F1 /* FourSquareEndPoint.swift */,
				AEB03EA31E2057D5000058F1 /* NetworkProcessing.swift */,
				AEB03EB81E2AFA1F000058F1 /* LocationManager.swift */,
			);
			name = Model;
			sourceTree = "<group>";
		};
		AEB03EB21E25EEB5000058F1 /* Controller */ = {
			isa = PBXGroup;
			children = (
				AEB03E931E2057B6000058F1 /* ViewController.swift */,
				AEB03EB31E25EEDC000058F1 /* VenueTableViewController.swift */,
			);
			name = Controller;
			sourceTree = "<group>";
		};
		AEB03EB71E26F9B8000058F1 /* View */ = {
			isa = PBXGroup;
			children = (
				AEB03EB51E26F866000058F1 /* VenueTableViewCell.swift */,
			);
			name = View;
			sourceTree = "<group>";
		};
/* End PBXGroup section */

/* Begin PBXNativeTarget section */
		AEB03E8D1E2057B6000058F1 /* VenueSearch */ = {
			isa = PBXNativeTarget;
			buildConfigurationList = AEB03EA01E2057B6000058F1 /* Build configuration list for PBXNativeTarget "VenueSearch" */;
			buildPhases = (
				AEB03E8A1E2057B6000058F1 /* Sources */,
				AEB03E8B1E2057B6000058F1 /* Frameworks */,
				AEB03E8C1E2057B6000058F1 /* Resources */,
			);
			buildRules = (
			);
			dependencies = (
			);
			name = VenueSearch;
			productName = VenueSearch;
			productReference = AEB03E8E1E2057B6000058F1 /* VenueSearch.app */;
			productType = "com.apple.product-type.application";
		};
/* End PBXNativeTarget section */

/* Begin PBXProject section */
		AEB03E861E2057B6000058F1 /* Project object */ = {
			isa = PBXProject;
			attributes = {
				LastSwiftUpdateCheck = 0810;
				LastUpgradeCheck = 0810;
				ORGANIZATIONNAME = "Conny Yang";
				TargetAttributes = {
					AEB03E8D1E2057B6000058F1 = {
						CreatedOnToolsVersion = 8.1;
						ProvisioningStyle = Automatic;
					};
				};
			};
			buildConfigurationList = AEB03E891E2057B6000058F1 /* Build configuration list for PBXProject "VenueSearch" */;
			compatibilityVersion = "Xcode 3.2";
			developmentRegion = English;
			hasScannedForEncodings = 0;
			knownRegions = (
				en,
				Base,
			);
			mainGroup = AEB03E851E2057B6000058F1;
			productRefGroup = AEB03E8F1E2057B6000058F1 /* Products */;
			projectDirPath = "";
			projectRoot = "";
			targets = (
				AEB03E8D1E2057B6000058F1 /* VenueSearch */,
			);
		};
/* End PBXProject section */

/* Begin PBXResourcesBuildPhase section */
		AEB03E8C1E2057B6000058F1 /* Resources */ = {
			isa = PBXResourcesBuildPhase;
			buildActionMask = 2147483647;
			files = (
				AEB03E9C1E2057B6000058F1 /* LaunchScreen.storyboard in Resources */,
				AEB03E991E2057B6000058F1 /* Assets.xcassets in Resources */,
				AEB03E971E2057B6000058F1 /* Main.storyboard in Resources */,
			);
			runOnlyForDeploymentPostprocessing = 0;
		};
/* End PBXResourcesBuildPhase section */

/* Begin PBXSourcesBuildPhase section */
		AEB03E8A1E2057B6000058F1 /* Sources */ = {
			isa = PBXSourcesBuildPhase;
			buildActionMask = 2147483647;
			files = (
				AEB03E941E2057B6000058F1 /* ViewController.swift in Sources */,
				AEB03EB01E232149000058F1 /* FourSquareClient.swift in Sources */,
				AEB03EAA1E205B95000058F1 /* Venue.swift in Sources */,
				AEB03E921E2057B6000058F1 /* AppDelegate.swift in Sources */,
				AEB03EAE1E2320FB000058F1 /* APIResult.swift in Sources */,
				AEB03EB41E25EEDC000058F1 /* VenueTableViewController.swift in Sources */,
				AEB03EA81E2058DB000058F1 /* Location.swift in Sources */,
				AEB03EAC1E2208AD000058F1 /* FourSquareEndPoint.swift in Sources */,
				AEB03EB91E2AFA1F000058F1 /* LocationManager.swift in Sources */,
				AEB03EA41E2057D5000058F1 /* NetworkProcessing.swift in Sources */,
				AEB03EA61E205850000058F1 /* Coordinate.swift in Sources */,
				AEB03EB61E26F866000058F1 /* VenueTableViewCell.swift in Sources */,
			);
			runOnlyForDeploymentPostprocessing = 0;
		};
/* End PBXSourcesBuildPhase section */

/* Begin PBXVariantGroup section */
		AEB03E951E2057B6000058F1 /* Main.storyboard */ = {
			isa = PBXVariantGroup;
			children = (
				AEB03E961E2057B6000058F1 /* Base */,
			);
			name = Main.storyboard;
			sourceTree = "<group>";
		};
		AEB03E9A1E2057B6000058F1 /* LaunchScreen.storyboard */ = {
			isa = PBXVariantGroup;
			children = (
				AEB03E9B1E2057B6000058F1 /* Base */,
			);
			name = LaunchScreen.storyboard;
			sourceTree = "<group>";
		};
/* End PBXVariantGroup section */

/* Begin XCBuildConfiguration section */
		AEB03E9E1E2057B6000058F1 /* Debug */ = {
			isa = XCBuildConfiguration;
			buildSettings = {
				ALWAYS_SEARCH_USER_PATHS = NO;
				CLANG_ANALYZER_NONNULL = YES;
				CLANG_CXX_LANGUAGE_STANDARD = "gnu++0x";
				CLANG_CXX_LIBRARY = "libc++";
				CLANG_ENABLE_MODULES = YES;
				CLANG_ENABLE_OBJC_ARC = YES;
				CLANG_WARN_BOOL_CONVERSION = YES;
				CLANG_WARN_CONSTANT_CONVERSION = YES;
				CLANG_WARN_DIRECT_OBJC_ISA_USAGE = YES_ERROR;
				CLANG_WARN_DOCUMENTATION_COMMENTS = YES;
				CLANG_WARN_EMPTY_BODY = YES;
				CLANG_WARN_ENUM_CONVERSION = YES;
				CLANG_WARN_INFINITE_RECURSION = YES;
				CLANG_WARN_INT_CONVERSION = YES;
				CLANG_WARN_OBJC_ROOT_CLASS = YES_ERROR;
				CLANG_WARN_SUSPICIOUS_MOVES = YES;
				CLANG_WARN_UNREACHABLE_CODE = YES;
				CLANG_WARN__DUPLICATE_METHOD_MATCH = YES;
				"CODE_SIGN_IDENTITY[sdk=iphoneos*]" = "iPhone Developer";
				COPY_PHASE_STRIP = NO;
				DEBUG_INFORMATION_FORMAT = dwarf;
				ENABLE_STRICT_OBJC_MSGSEND = YES;
				ENABLE_TESTABILITY = YES;
				GCC_C_LANGUAGE_STANDARD = gnu99;
				GCC_DYNAMIC_NO_PIC = NO;
				GCC_NO_COMMON_BLOCKS = YES;
				GCC_OPTIMIZATION_LEVEL = 0;
				GCC_PREPROCESSOR_DEFINITIONS = (
					"DEBUG=1",
					"$(inherited)",
				);
				GCC_WARN_64_TO_32_BIT_CONVERSION = YES;
				GCC_WARN_ABOUT_RETURN_TYPE = YES_ERROR;
				GCC_WARN_UNDECLARED_SELECTOR = YES;
				GCC_WARN_UNINITIALIZED_AUTOS = YES_AGGRESSIVE;
				GCC_WARN_UNUSED_FUNCTION = YES;
				GCC_WARN_UNUSED_VARIABLE = YES;
				IPHONEOS_DEPLOYMENT_TARGET = 10.1;
				MTL_ENABLE_DEBUG_INFO = YES;
				ONLY_ACTIVE_ARCH = YES;
				SDKROOT = iphoneos;
				SWIFT_ACTIVE_COMPILATION_CONDITIONS = DEBUG;
				SWIFT_OPTIMIZATION_LEVEL = "-Onone";
				TARGETED_DEVICE_FAMILY = "1,2";
			};
			name = Debug;
		};
		AEB03E9F1E2057B6000058F1 /* Release */ = {
			isa = XCBuildConfiguration;
			buildSettings = {
				ALWAYS_SEARCH_USER_PATHS = NO;
				CLANG_ANALYZER_NONNULL = YES;
				CLANG_CXX_LANGUAGE_STANDARD = "gnu++0x";
				CLANG_CXX_LIBRARY = "libc++";
				CLANG_ENABLE_MODULES = YES;
				CLANG_ENABLE_OBJC_ARC = YES;
				CLANG_WARN_BOOL_CONVERSION = YES;
				CLANG_WARN_CONSTANT_CONVERSION = YES;
				CLANG_WARN_DIRECT_OBJC_ISA_USAGE = YES_ERROR;
				CLANG_WARN_DOCUMENTATION_COMMENTS = YES;
				CLANG_WARN_EMPTY_BODY = YES;
				CLANG_WARN_ENUM_CONVERSION = YES;
				CLANG_WARN_INFINITE_RECURSION = YES;
				CLANG_WARN_INT_CONVERSION = YES;
				CLANG_WARN_OBJC_ROOT_CLASS = YES_ERROR;
				CLANG_WARN_SUSPICIOUS_MOVES = YES;
				CLANG_WARN_UNREACHABLE_CODE = YES;
				CLANG_WARN__DUPLICATE_METHOD_MATCH = YES;
				"CODE_SIGN_IDENTITY[sdk=iphoneos*]" = "iPhone Developer";
				COPY_PHASE_STRIP = NO;
				DEBUG_INFORMATION_FORMAT = "dwarf-with-dsym";
				ENABLE_NS_ASSERTIONS = NO;
				ENABLE_STRICT_OBJC_MSGSEND = YES;
				GCC_C_LANGUAGE_STANDARD = gnu99;
				GCC_NO_COMMON_BLOCKS = YES;
				GCC_WARN_64_TO_32_BIT_CONVERSION = YES;
				GCC_WARN_ABOUT_RETURN_TYPE = YES_ERROR;
				GCC_WARN_UNDECLARED_SELECTOR = YES;
				GCC_WARN_UNINITIALIZED_AUTOS = YES_AGGRESSIVE;
				GCC_WARN_UNUSED_FUNCTION = YES;
				GCC_WARN_UNUSED_VARIABLE = YES;
				IPHONEOS_DEPLOYMENT_TARGET = 10.1;
				MTL_ENABLE_DEBUG_INFO = NO;
				SDKROOT = iphoneos;
				SWIFT_OPTIMIZATION_LEVEL = "-Owholemodule";
				TARGETED_DEVICE_FAMILY = "1,2";
				VALIDATE_PRODUCT = YES;
			};
			name = Release;
		};
		AEB03EA11E2057B6000058F1 /* Debug */ = {
			isa = XCBuildConfiguration;
			buildSettings = {
				ASSETCATALOG_COMPILER_APPICON_NAME = AppIcon;
				INFOPLIST_FILE = VenueSearch/Info.plist;
				LD_RUNPATH_SEARCH_PATHS = "$(inherited) @executable_path/Frameworks";
				PRODUCT_BUNDLE_IDENTIFIER = com.connyyang.VenueSearch;
				PRODUCT_NAME = "$(TARGET_NAME)";
				SWIFT_VERSION = 3.0;
			};
			name = Debug;
		};
		AEB03EA21E2057B6000058F1 /* Release */ = {
			isa = XCBuildConfiguration;
			buildSettings = {
				ASSETCATALOG_COMPILER_APPICON_NAME = AppIcon;
				INFOPLIST_FILE = VenueSearch/Info.plist;
				LD_RUNPATH_SEARCH_PATHS = "$(inherited) @executable_path/Frameworks";
				PRODUCT_BUNDLE_IDENTIFIER = com.connyyang.VenueSearch;
				PRODUCT_NAME = "$(TARGET_NAME)";
				SWIFT_VERSION = 3.0;
			};
			name = Release;
		};
/* End XCBuildConfiguration section */

/* Begin XCConfigurationList section */
		AEB03E891E2057B6000058F1 /* Build configuration list for PBXProject "VenueSearch" */ = {
			isa = XCConfigurationList;
			buildConfigurations = (
				AEB03E9E1E2057B6000058F1 /* Debug */,
				AEB03E9F1E2057B6000058F1 /* Release */,
			);
			defaultConfigurationIsVisible = 0;
			defaultConfigurationName = Release;
		};
		AEB03EA01E2057B6000058F1 /* Build configuration list for PBXNativeTarget "VenueSearch" */ = {
			isa = XCConfigurationList;
			buildConfigurations = (
				AEB03EA11E2057B6000058F1 /* Debug */,
				AEB03EA21E2057B6000058F1 /* Release */,
			);
			defaultConfigurationIsVisible = 0;
			defaultConfigurationName = Release;
		};
/* End XCConfigurationList section */
	};
	rootObject = AEB03E861E2057B6000058F1 /* Project object */;
}
